// !$*UTF8*$!
{
	archiveVersion = 1;
	classes = {
	};
	objectVersion = 56;
	objects = {

/* Begin PBXBuildFile section */
		350D83A928F0E4F1004E84F2 /* AppDelegate.swift in Sources */ = {isa = PBXBuildFile; fileRef = 350D83A828F0E4F1004E84F2 /* AppDelegate.swift */; };
		350D83AB28F0E4F1004E84F2 /* SceneDelegate.swift in Sources */ = {isa = PBXBuildFile; fileRef = 350D83AA28F0E4F1004E84F2 /* SceneDelegate.swift */; };
		350D83B228F0E4F3004E84F2 /* Assets.xcassets in Resources */ = {isa = PBXBuildFile; fileRef = 350D83B128F0E4F3004E84F2 /* Assets.xcassets */; };
		350D83B528F0E4F3004E84F2 /* LaunchScreen.storyboard in Resources */ = {isa = PBXBuildFile; fileRef = 350D83B328F0E4F3004E84F2 /* LaunchScreen.storyboard */; };
		350D83C028F0E4F4004E84F2 /* CurrencyConverterTests.swift in Sources */ = {isa = PBXBuildFile; fileRef = 350D83BF28F0E4F4004E84F2 /* CurrencyConverterTests.swift */; };
		350D83CA28F0E4F4004E84F2 /* CurrencyConverterUITests.swift in Sources */ = {isa = PBXBuildFile; fileRef = 350D83C928F0E4F4004E84F2 /* CurrencyConverterUITests.swift */; };
		350D83CC28F0E4F4004E84F2 /* CurrencyConverterUITestsLaunchTests.swift in Sources */ = {isa = PBXBuildFile; fileRef = 350D83CB28F0E4F4004E84F2 /* CurrencyConverterUITestsLaunchTests.swift */; };
		350D83DA28F0E61A004E84F2 /* WalletViewController.swift in Sources */ = {isa = PBXBuildFile; fileRef = 350D83D928F0E61A004E84F2 /* WalletViewController.swift */; };
		350D83DD28F0E643004E84F2 /* WalletViewModel.swift in Sources */ = {isa = PBXBuildFile; fileRef = 350D83DC28F0E643004E84F2 /* WalletViewModel.swift */; };
		350D83E028F0E662004E84F2 /* WalletService.swift in Sources */ = {isa = PBXBuildFile; fileRef = 350D83DF28F0E662004E84F2 /* WalletService.swift */; };
		350D83E728F0EB92004E84F2 /* Wallet.swift in Sources */ = {isa = PBXBuildFile; fileRef = 350D83E628F0EB92004E84F2 /* Wallet.swift */; };
		350D83EA28F0EFC9004E84F2 /* SnapKit in Frameworks */ = {isa = PBXBuildFile; productRef = 350D83E928F0EFC9004E84F2 /* SnapKit */; };
		350D83EC28F0F0E7004E84F2 /* wallet.json in Resources */ = {isa = PBXBuildFile; fileRef = 350D83EB28F0F0E7004E84F2 /* wallet.json */; };
		350D83EF28F0F3CF004E84F2 /* ConversionService.swift in Sources */ = {isa = PBXBuildFile; fileRef = 350D83EE28F0F3CF004E84F2 /* ConversionService.swift */; };
		350D83F228F0F4AE004E84F2 /* HTTPClient.swift in Sources */ = {isa = PBXBuildFile; fileRef = 350D83F128F0F4AE004E84F2 /* HTTPClient.swift */; };
		350D83F428F0F687004E84F2 /* Conversion.swift in Sources */ = {isa = PBXBuildFile; fileRef = 350D83F328F0F687004E84F2 /* Conversion.swift */; };
		350D83F728F100DA004E84F2 /* CoinTableViewCell.swift in Sources */ = {isa = PBXBuildFile; fileRef = 350D83F628F100DA004E84F2 /* CoinTableViewCell.swift */; };
		350D83FA28F10D4F004E84F2 /* UIFont.swift in Sources */ = {isa = PBXBuildFile; fileRef = 350D83F928F10D4F004E84F2 /* UIFont.swift */; };
		350D83FC28F12EBF004E84F2 /* UIKit+Extension.swift in Sources */ = {isa = PBXBuildFile; fileRef = 350D83FB28F12EBF004E84F2 /* UIKit+Extension.swift */; };
		350D83FF28F135BE004E84F2 /* Constants.swift in Sources */ = {isa = PBXBuildFile; fileRef = 350D83FE28F135BE004E84F2 /* Constants.swift */; };
		350D840128F13689004E84F2 /* ExchangeViewController.swift in Sources */ = {isa = PBXBuildFile; fileRef = 350D840028F13689004E84F2 /* ExchangeViewController.swift */; };
		350D840428F15204004E84F2 /* UIFactory.swift in Sources */ = {isa = PBXBuildFile; fileRef = 350D840328F15204004E84F2 /* UIFactory.swift */; };
		350D840628F1551E004E84F2 /* ExchangeViewModel.swift in Sources */ = {isa = PBXBuildFile; fileRef = 350D840528F1551E004E84F2 /* ExchangeViewModel.swift */; };
		350D840828F156DC004E84F2 /* CurrencySelectionViewController.swift in Sources */ = {isa = PBXBuildFile; fileRef = 350D840728F156DC004E84F2 /* CurrencySelectionViewController.swift */; };
		350D840E28F15A33004E84F2 /* DecodingServiceProtocol.swift in Sources */ = {isa = PBXBuildFile; fileRef = 350D840D28F15A33004E84F2 /* DecodingServiceProtocol.swift */; };
		350D841228F15DB7004E84F2 /* CurrencyTableViewCell.swift in Sources */ = {isa = PBXBuildFile; fileRef = 350D841128F15DB7004E84F2 /* CurrencyTableViewCell.swift */; };
		350D841428F1BB02004E84F2 /* Color+Extension.swift in Sources */ = {isa = PBXBuildFile; fileRef = 350D841328F1BB02004E84F2 /* Color+Extension.swift */; };
		350D841628F1BD60004E84F2 /* Converted.swift in Sources */ = {isa = PBXBuildFile; fileRef = 350D841528F1BD60004E84F2 /* Converted.swift */; };
		350D841828F1BDC5004E84F2 /* Errors.swift in Sources */ = {isa = PBXBuildFile; fileRef = 350D841728F1BDC5004E84F2 /* Errors.swift */; };
		352B9EFC28F28EFF00F0A07E /* ExchangeHeader.swift in Sources */ = {isa = PBXBuildFile; fileRef = 352B9EFB28F28EFF00F0A07E /* ExchangeHeader.swift */; };
		352B9EFE28F2B92E00F0A07E /* UserWallet.swift in Sources */ = {isa = PBXBuildFile; fileRef = 352B9EFD28F2B92E00F0A07E /* UserWallet.swift */; };
		352B9F0028F2F28C00F0A07E /* commision_rules.json in Resources */ = {isa = PBXBuildFile; fileRef = 352B9EFF28F2F28C00F0A07E /* commision_rules.json */; };
		352B9F0228F304D400F0A07E /* Comission.swift in Sources */ = {isa = PBXBuildFile; fileRef = 352B9F0128F304D400F0A07E /* Comission.swift */; };
		352B9F0428F3051C00F0A07E /* ComissionService.swift in Sources */ = {isa = PBXBuildFile; fileRef = 352B9F0328F3051C00F0A07E /* ComissionService.swift */; };
		352B9F0728F3A1F300F0A07E /* CompleteTransactionView.swift in Sources */ = {isa = PBXBuildFile; fileRef = 352B9F0628F3A1F300F0A07E /* CompleteTransactionView.swift */; };
/* End PBXBuildFile section */

/* Begin PBXContainerItemProxy section */
		350D83BC28F0E4F4004E84F2 /* PBXContainerItemProxy */ = {
			isa = PBXContainerItemProxy;
			containerPortal = 350D839D28F0E4F1004E84F2 /* Project object */;
			proxyType = 1;
			remoteGlobalIDString = 350D83A428F0E4F1004E84F2;
			remoteInfo = CurrencyConverter;
		};
		350D83C628F0E4F4004E84F2 /* PBXContainerItemProxy */ = {
			isa = PBXContainerItemProxy;
			containerPortal = 350D839D28F0E4F1004E84F2 /* Project object */;
			proxyType = 1;
			remoteGlobalIDString = 350D83A428F0E4F1004E84F2;
			remoteInfo = CurrencyConverter;
		};
/* End PBXContainerItemProxy section */

/* Begin PBXFileReference section */
		350D83A528F0E4F1004E84F2 /* CurrencyConverter.app */ = {isa = PBXFileReference; explicitFileType = wrapper.application; includeInIndex = 0; path = CurrencyConverter.app; sourceTree = BUILT_PRODUCTS_DIR; };
		350D83A828F0E4F1004E84F2 /* AppDelegate.swift */ = {isa = PBXFileReference; lastKnownFileType = sourcecode.swift; path = AppDelegate.swift; sourceTree = "<group>"; };
		350D83AA28F0E4F1004E84F2 /* SceneDelegate.swift */ = {isa = PBXFileReference; lastKnownFileType = sourcecode.swift; path = SceneDelegate.swift; sourceTree = "<group>"; };
		350D83B128F0E4F3004E84F2 /* Assets.xcassets */ = {isa = PBXFileReference; lastKnownFileType = folder.assetcatalog; path = Assets.xcassets; sourceTree = "<group>"; };
		350D83B428F0E4F3004E84F2 /* Base */ = {isa = PBXFileReference; lastKnownFileType = file.storyboard; name = Base; path = Base.lproj/LaunchScreen.storyboard; sourceTree = "<group>"; };
		350D83B628F0E4F3004E84F2 /* Info.plist */ = {isa = PBXFileReference; lastKnownFileType = text.plist.xml; path = Info.plist; sourceTree = "<group>"; };
		350D83BB28F0E4F4004E84F2 /* CurrencyConverterTests.xctest */ = {isa = PBXFileReference; explicitFileType = wrapper.cfbundle; includeInIndex = 0; path = CurrencyConverterTests.xctest; sourceTree = BUILT_PRODUCTS_DIR; };
		350D83BF28F0E4F4004E84F2 /* CurrencyConverterTests.swift */ = {isa = PBXFileReference; lastKnownFileType = sourcecode.swift; path = CurrencyConverterTests.swift; sourceTree = "<group>"; };
		350D83C528F0E4F4004E84F2 /* CurrencyConverterUITests.xctest */ = {isa = PBXFileReference; explicitFileType = wrapper.cfbundle; includeInIndex = 0; path = CurrencyConverterUITests.xctest; sourceTree = BUILT_PRODUCTS_DIR; };
		350D83C928F0E4F4004E84F2 /* CurrencyConverterUITests.swift */ = {isa = PBXFileReference; lastKnownFileType = sourcecode.swift; path = CurrencyConverterUITests.swift; sourceTree = "<group>"; };
		350D83CB28F0E4F4004E84F2 /* CurrencyConverterUITestsLaunchTests.swift */ = {isa = PBXFileReference; lastKnownFileType = sourcecode.swift; path = CurrencyConverterUITestsLaunchTests.swift; sourceTree = "<group>"; };
		350D83D928F0E61A004E84F2 /* WalletViewController.swift */ = {isa = PBXFileReference; lastKnownFileType = sourcecode.swift; path = WalletViewController.swift; sourceTree = "<group>"; };
		350D83DC28F0E643004E84F2 /* WalletViewModel.swift */ = {isa = PBXFileReference; lastKnownFileType = sourcecode.swift; path = WalletViewModel.swift; sourceTree = "<group>"; };
		350D83DF28F0E662004E84F2 /* WalletService.swift */ = {isa = PBXFileReference; lastKnownFileType = sourcecode.swift; path = WalletService.swift; sourceTree = "<group>"; };
		350D83E628F0EB92004E84F2 /* Wallet.swift */ = {isa = PBXFileReference; lastKnownFileType = sourcecode.swift; path = Wallet.swift; sourceTree = "<group>"; };
		350D83EB28F0F0E7004E84F2 /* wallet.json */ = {isa = PBXFileReference; fileEncoding = 4; lastKnownFileType = text.json; path = wallet.json; sourceTree = "<group>"; };
		350D83EE28F0F3CF004E84F2 /* ConversionService.swift */ = {isa = PBXFileReference; lastKnownFileType = sourcecode.swift; path = ConversionService.swift; sourceTree = "<group>"; };
		350D83F128F0F4AE004E84F2 /* HTTPClient.swift */ = {isa = PBXFileReference; lastKnownFileType = sourcecode.swift; path = HTTPClient.swift; sourceTree = "<group>"; };
		350D83F328F0F687004E84F2 /* Conversion.swift */ = {isa = PBXFileReference; lastKnownFileType = sourcecode.swift; path = Conversion.swift; sourceTree = "<group>"; };
		350D83F628F100DA004E84F2 /* CoinTableViewCell.swift */ = {isa = PBXFileReference; lastKnownFileType = sourcecode.swift; path = CoinTableViewCell.swift; sourceTree = "<group>"; };
		350D83F928F10D4F004E84F2 /* UIFont.swift */ = {isa = PBXFileReference; lastKnownFileType = sourcecode.swift; path = UIFont.swift; sourceTree = "<group>"; };
		350D83FB28F12EBF004E84F2 /* UIKit+Extension.swift */ = {isa = PBXFileReference; lastKnownFileType = sourcecode.swift; path = "UIKit+Extension.swift"; sourceTree = "<group>"; };
		350D83FE28F135BE004E84F2 /* Constants.swift */ = {isa = PBXFileReference; lastKnownFileType = sourcecode.swift; path = Constants.swift; sourceTree = "<group>"; };
		350D840028F13689004E84F2 /* ExchangeViewController.swift */ = {isa = PBXFileReference; lastKnownFileType = sourcecode.swift; path = ExchangeViewController.swift; sourceTree = "<group>"; };
		350D840328F15204004E84F2 /* UIFactory.swift */ = {isa = PBXFileReference; lastKnownFileType = sourcecode.swift; path = UIFactory.swift; sourceTree = "<group>"; };
		350D840528F1551E004E84F2 /* ExchangeViewModel.swift */ = {isa = PBXFileReference; lastKnownFileType = sourcecode.swift; path = ExchangeViewModel.swift; sourceTree = "<group>"; };
		350D840728F156DC004E84F2 /* CurrencySelectionViewController.swift */ = {isa = PBXFileReference; lastKnownFileType = sourcecode.swift; path = CurrencySelectionViewController.swift; sourceTree = "<group>"; };
		350D840D28F15A33004E84F2 /* DecodingServiceProtocol.swift */ = {isa = PBXFileReference; lastKnownFileType = sourcecode.swift; path = DecodingServiceProtocol.swift; sourceTree = "<group>"; };
		350D841128F15DB7004E84F2 /* CurrencyTableViewCell.swift */ = {isa = PBXFileReference; lastKnownFileType = sourcecode.swift; path = CurrencyTableViewCell.swift; sourceTree = "<group>"; };
		350D841328F1BB02004E84F2 /* Color+Extension.swift */ = {isa = PBXFileReference; lastKnownFileType = sourcecode.swift; path = "Color+Extension.swift"; sourceTree = "<group>"; };
		350D841528F1BD60004E84F2 /* Converted.swift */ = {isa = PBXFileReference; lastKnownFileType = sourcecode.swift; path = Converted.swift; sourceTree = "<group>"; };
		350D841728F1BDC5004E84F2 /* Errors.swift */ = {isa = PBXFileReference; lastKnownFileType = sourcecode.swift; path = Errors.swift; sourceTree = "<group>"; };
		352B9EFB28F28EFF00F0A07E /* ExchangeHeader.swift */ = {isa = PBXFileReference; lastKnownFileType = sourcecode.swift; path = ExchangeHeader.swift; sourceTree = "<group>"; };
		352B9EFD28F2B92E00F0A07E /* UserWallet.swift */ = {isa = PBXFileReference; lastKnownFileType = sourcecode.swift; path = UserWallet.swift; sourceTree = "<group>"; };
		352B9EFF28F2F28C00F0A07E /* commision_rules.json */ = {isa = PBXFileReference; fileEncoding = 4; lastKnownFileType = text.json; path = commision_rules.json; sourceTree = "<group>"; };
		352B9F0128F304D400F0A07E /* Comission.swift */ = {isa = PBXFileReference; lastKnownFileType = sourcecode.swift; path = Comission.swift; sourceTree = "<group>"; };
		352B9F0328F3051C00F0A07E /* ComissionService.swift */ = {isa = PBXFileReference; lastKnownFileType = sourcecode.swift; path = ComissionService.swift; sourceTree = "<group>"; };
		352B9F0628F3A1F300F0A07E /* CompleteTransactionView.swift */ = {isa = PBXFileReference; lastKnownFileType = sourcecode.swift; path = CompleteTransactionView.swift; sourceTree = "<group>"; };
/* End PBXFileReference section */

/* Begin PBXFrameworksBuildPhase section */
		350D83A228F0E4F1004E84F2 /* Frameworks */ = {
			isa = PBXFrameworksBuildPhase;
			buildActionMask = 2147483647;
			files = (
				350D83EA28F0EFC9004E84F2 /* SnapKit in Frameworks */,
			);
			runOnlyForDeploymentPostprocessing = 0;
		};
		350D83B828F0E4F4004E84F2 /* Frameworks */ = {
			isa = PBXFrameworksBuildPhase;
			buildActionMask = 2147483647;
			files = (
			);
			runOnlyForDeploymentPostprocessing = 0;
		};
		350D83C228F0E4F4004E84F2 /* Frameworks */ = {
			isa = PBXFrameworksBuildPhase;
			buildActionMask = 2147483647;
			files = (
			);
			runOnlyForDeploymentPostprocessing = 0;
		};
/* End PBXFrameworksBuildPhase section */

/* Begin PBXGroup section */
		350D839C28F0E4F1004E84F2 = {
			isa = PBXGroup;
			children = (
				350D83A728F0E4F1004E84F2 /* CurrencyConverter */,
				350D83BE28F0E4F4004E84F2 /* CurrencyConverterTests */,
				350D83C828F0E4F4004E84F2 /* CurrencyConverterUITests */,
				350D83A628F0E4F1004E84F2 /* Products */,
			);
			sourceTree = "<group>";
		};
		350D83A628F0E4F1004E84F2 /* Products */ = {
			isa = PBXGroup;
			children = (
				350D83A528F0E4F1004E84F2 /* CurrencyConverter.app */,
				350D83BB28F0E4F4004E84F2 /* CurrencyConverterTests.xctest */,
				350D83C528F0E4F4004E84F2 /* CurrencyConverterUITests.xctest */,
			);
			name = Products;
			sourceTree = "<group>";
		};
		350D83A728F0E4F1004E84F2 /* CurrencyConverter */ = {
			isa = PBXGroup;
			children = (
				350D840228F151F9004E84F2 /* Factory */,
				350D83FD28F135B8004E84F2 /* Constants */,
				350D83F828F10D48004E84F2 /* Extensions */,
				350D83ED28F0F14C004E84F2 /* Errors */,
				350D83E228F0E76C004E84F2 /* Main */,
				350D83F028F0F497004E84F2 /* Network */,
				350D83DE28F0E64E004E84F2 /* Services */,
				350D83E528F0EB7E004E84F2 /* Models */,
				350D83DB28F0E636004E84F2 /* ViewModels */,
				350D83D828F0E5F2004E84F2 /* ViewControllers */,
				350D83F528F100C6004E84F2 /* Views */,
				350D83E128F0E760004E84F2 /* MockJSON */,
				350D83B128F0E4F3004E84F2 /* Assets.xcassets */,
				350D83B328F0E4F3004E84F2 /* LaunchScreen.storyboard */,
				350D83B628F0E4F3004E84F2 /* Info.plist */,
			);
			path = CurrencyConverter;
			sourceTree = "<group>";
		};
		350D83BE28F0E4F4004E84F2 /* CurrencyConverterTests */ = {
			isa = PBXGroup;
			children = (
				350D83BF28F0E4F4004E84F2 /* CurrencyConverterTests.swift */,
			);
			path = CurrencyConverterTests;
			sourceTree = "<group>";
		};
		350D83C828F0E4F4004E84F2 /* CurrencyConverterUITests */ = {
			isa = PBXGroup;
			children = (
				350D83C928F0E4F4004E84F2 /* CurrencyConverterUITests.swift */,
				350D83CB28F0E4F4004E84F2 /* CurrencyConverterUITestsLaunchTests.swift */,
			);
			path = CurrencyConverterUITests;
			sourceTree = "<group>";
		};
		350D83D828F0E5F2004E84F2 /* ViewControllers */ = {
			isa = PBXGroup;
			children = (
				350D83D928F0E61A004E84F2 /* WalletViewController.swift */,
				350D840028F13689004E84F2 /* ExchangeViewController.swift */,
				350D840728F156DC004E84F2 /* CurrencySelectionViewController.swift */,
			);
			path = ViewControllers;
			sourceTree = "<group>";
		};
		350D83DB28F0E636004E84F2 /* ViewModels */ = {
			isa = PBXGroup;
			children = (
				350D83DC28F0E643004E84F2 /* WalletViewModel.swift */,
				350D840528F1551E004E84F2 /* ExchangeViewModel.swift */,
			);
			path = ViewModels;
			sourceTree = "<group>";
		};
		350D83DE28F0E64E004E84F2 /* Services */ = {
			isa = PBXGroup;
			children = (
				352B9F0528F305B600F0A07E /* Protocols */,
				350D83DF28F0E662004E84F2 /* WalletService.swift */,
				350D83EE28F0F3CF004E84F2 /* ConversionService.swift */,
				352B9F0328F3051C00F0A07E /* ComissionService.swift */,
			);
			path = Services;
			sourceTree = "<group>";
		};
		350D83E128F0E760004E84F2 /* MockJSON */ = {
			isa = PBXGroup;
			children = (
				352B9EFF28F2F28C00F0A07E /* commision_rules.json */,
				350D83EB28F0F0E7004E84F2 /* wallet.json */,
			);
			path = MockJSON;
			sourceTree = "<group>";
		};
		350D83E228F0E76C004E84F2 /* Main */ = {
			isa = PBXGroup;
			children = (
				350D83A828F0E4F1004E84F2 /* AppDelegate.swift */,
				350D83AA28F0E4F1004E84F2 /* SceneDelegate.swift */,
			);
			path = Main;
			sourceTree = "<group>";
		};
		350D83E528F0EB7E004E84F2 /* Models */ = {
			isa = PBXGroup;
			children = (
				350D83E628F0EB92004E84F2 /* Wallet.swift */,
				350D83F328F0F687004E84F2 /* Conversion.swift */,
				350D841528F1BD60004E84F2 /* Converted.swift */,
				352B9EFD28F2B92E00F0A07E /* UserWallet.swift */,
				352B9F0128F304D400F0A07E /* Comission.swift */,
			);
			path = Models;
			sourceTree = "<group>";
		};
		350D83ED28F0F14C004E84F2 /* Errors */ = {
			isa = PBXGroup;
			children = (
				350D841728F1BDC5004E84F2 /* Errors.swift */,
			);
			path = Errors;
			sourceTree = "<group>";
		};
		350D83F028F0F497004E84F2 /* Network */ = {
			isa = PBXGroup;
			children = (
				350D83F128F0F4AE004E84F2 /* HTTPClient.swift */,
			);
			path = Network;
			sourceTree = "<group>";
		};
		350D83F528F100C6004E84F2 /* Views */ = {
			isa = PBXGroup;
			children = (
				350D83F628F100DA004E84F2 /* CoinTableViewCell.swift */,
				350D841128F15DB7004E84F2 /* CurrencyTableViewCell.swift */,
				352B9EFB28F28EFF00F0A07E /* ExchangeHeader.swift */,
				352B9F0628F3A1F300F0A07E /* CompleteTransactionView.swift */,
			);
			path = Views;
			sourceTree = "<group>";
		};
		350D83F828F10D48004E84F2 /* Extensions */ = {
			isa = PBXGroup;
			children = (
				350D83F928F10D4F004E84F2 /* UIFont.swift */,
				350D83FB28F12EBF004E84F2 /* UIKit+Extension.swift */,
				350D841328F1BB02004E84F2 /* Color+Extension.swift */,
			);
			path = Extensions;
			sourceTree = "<group>";
		};
		350D83FD28F135B8004E84F2 /* Constants */ = {
			isa = PBXGroup;
			children = (
				350D83FE28F135BE004E84F2 /* Constants.swift */,
			);
			path = Constants;
			sourceTree = "<group>";
		};
		350D840228F151F9004E84F2 /* Factory */ = {
			isa = PBXGroup;
			children = (
				350D840328F15204004E84F2 /* UIFactory.swift */,
			);
			path = Factory;
			sourceTree = "<group>";
		};
		352B9F0528F305B600F0A07E /* Protocols */ = {
			isa = PBXGroup;
			children = (
				350D840D28F15A33004E84F2 /* DecodingServiceProtocol.swift */,
			);
			path = Protocols;
			sourceTree = "<group>";
		};
/* End PBXGroup section */

/* Begin PBXNativeTarget section */
		350D83A428F0E4F1004E84F2 /* CurrencyConverter */ = {
			isa = PBXNativeTarget;
			buildConfigurationList = 350D83CF28F0E4F4004E84F2 /* Build configuration list for PBXNativeTarget "CurrencyConverter" */;
			buildPhases = (
				350D83A128F0E4F1004E84F2 /* Sources */,
				350D83A228F0E4F1004E84F2 /* Frameworks */,
				350D83A328F0E4F1004E84F2 /* Resources */,
			);
			buildRules = (
			);
			dependencies = (
			);
			name = CurrencyConverter;
			packageProductDependencies = (
				350D83E928F0EFC9004E84F2 /* SnapKit */,
			);
			productName = CurrencyConverter;
			productReference = 350D83A528F0E4F1004E84F2 /* CurrencyConverter.app */;
			productType = "com.apple.product-type.application";
		};
		350D83BA28F0E4F4004E84F2 /* CurrencyConverterTests */ = {
			isa = PBXNativeTarget;
			buildConfigurationList = 350D83D228F0E4F4004E84F2 /* Build configuration list for PBXNativeTarget "CurrencyConverterTests" */;
			buildPhases = (
				350D83B728F0E4F4004E84F2 /* Sources */,
				350D83B828F0E4F4004E84F2 /* Frameworks */,
				350D83B928F0E4F4004E84F2 /* Resources */,
			);
			buildRules = (
			);
			dependencies = (
				350D83BD28F0E4F4004E84F2 /* PBXTargetDependency */,
			);
			name = CurrencyConverterTests;
			productName = CurrencyConverterTests;
			productReference = 350D83BB28F0E4F4004E84F2 /* CurrencyConverterTests.xctest */;
			productType = "com.apple.product-type.bundle.unit-test";
		};
		350D83C428F0E4F4004E84F2 /* CurrencyConverterUITests */ = {
			isa = PBXNativeTarget;
			buildConfigurationList = 350D83D528F0E4F4004E84F2 /* Build configuration list for PBXNativeTarget "CurrencyConverterUITests" */;
			buildPhases = (
				350D83C128F0E4F4004E84F2 /* Sources */,
				350D83C228F0E4F4004E84F2 /* Frameworks */,
				350D83C328F0E4F4004E84F2 /* Resources */,
			);
			buildRules = (
			);
			dependencies = (
				350D83C728F0E4F4004E84F2 /* PBXTargetDependency */,
			);
			name = CurrencyConverterUITests;
			productName = CurrencyConverterUITests;
			productReference = 350D83C528F0E4F4004E84F2 /* CurrencyConverterUITests.xctest */;
			productType = "com.apple.product-type.bundle.ui-testing";
		};
/* End PBXNativeTarget section */

/* Begin PBXProject section */
		350D839D28F0E4F1004E84F2 /* Project object */ = {
			isa = PBXProject;
			attributes = {
				BuildIndependentTargetsInParallel = 1;
				LastSwiftUpdateCheck = 1400;
				LastUpgradeCheck = 1400;
				TargetAttributes = {
					350D83A428F0E4F1004E84F2 = {
						CreatedOnToolsVersion = 14.0.1;
					};
					350D83BA28F0E4F4004E84F2 = {
						CreatedOnToolsVersion = 14.0.1;
						TestTargetID = 350D83A428F0E4F1004E84F2;
					};
					350D83C428F0E4F4004E84F2 = {
						CreatedOnToolsVersion = 14.0.1;
						TestTargetID = 350D83A428F0E4F1004E84F2;
					};
				};
			};
			buildConfigurationList = 350D83A028F0E4F1004E84F2 /* Build configuration list for PBXProject "CurrencyConverter" */;
			compatibilityVersion = "Xcode 14.0";
			developmentRegion = en;
			hasScannedForEncodings = 0;
			knownRegions = (
				en,
				Base,
			);
			mainGroup = 350D839C28F0E4F1004E84F2;
			packageReferences = (
				350D83E828F0EFC9004E84F2 /* XCRemoteSwiftPackageReference "SnapKit" */,
			);
			productRefGroup = 350D83A628F0E4F1004E84F2 /* Products */;
			projectDirPath = "";
			projectRoot = "";
			targets = (
				350D83A428F0E4F1004E84F2 /* CurrencyConverter */,
				350D83BA28F0E4F4004E84F2 /* CurrencyConverterTests */,
				350D83C428F0E4F4004E84F2 /* CurrencyConverterUITests */,
			);
		};
/* End PBXProject section */

/* Begin PBXResourcesBuildPhase section */
		350D83A328F0E4F1004E84F2 /* Resources */ = {
			isa = PBXResourcesBuildPhase;
			buildActionMask = 2147483647;
			files = (
				352B9F0028F2F28C00F0A07E /* commision_rules.json in Resources */,
				350D83EC28F0F0E7004E84F2 /* wallet.json in Resources */,
				350D83B528F0E4F3004E84F2 /* LaunchScreen.storyboard in Resources */,
				350D83B228F0E4F3004E84F2 /* Assets.xcassets in Resources */,
			);
			runOnlyForDeploymentPostprocessing = 0;
		};
		350D83B928F0E4F4004E84F2 /* Resources */ = {
			isa = PBXResourcesBuildPhase;
			buildActionMask = 2147483647;
			files = (
			);
			runOnlyForDeploymentPostprocessing = 0;
		};
		350D83C328F0E4F4004E84F2 /* Resources */ = {
			isa = PBXResourcesBuildPhase;
			buildActionMask = 2147483647;
			files = (
			);
			runOnlyForDeploymentPostprocessing = 0;
		};
/* End PBXResourcesBuildPhase section */

/* Begin PBXSourcesBuildPhase section */
		350D83A128F0E4F1004E84F2 /* Sources */ = {
			isa = PBXSourcesBuildPhase;
			buildActionMask = 2147483647;
			files = (
				350D83E728F0EB92004E84F2 /* Wallet.swift in Sources */,
				350D841428F1BB02004E84F2 /* Color+Extension.swift in Sources */,
				350D840628F1551E004E84F2 /* ExchangeViewModel.swift in Sources */,
				352B9EFC28F28EFF00F0A07E /* ExchangeHeader.swift in Sources */,
				352B9F0728F3A1F300F0A07E /* CompleteTransactionView.swift in Sources */,
				350D83EF28F0F3CF004E84F2 /* ConversionService.swift in Sources */,
				352B9EFE28F2B92E00F0A07E /* UserWallet.swift in Sources */,
				350D83F228F0F4AE004E84F2 /* HTTPClient.swift in Sources */,
				350D83F428F0F687004E84F2 /* Conversion.swift in Sources */,
				350D83FC28F12EBF004E84F2 /* UIKit+Extension.swift in Sources */,
				350D841228F15DB7004E84F2 /* CurrencyTableViewCell.swift in Sources */,
				350D841628F1BD60004E84F2 /* Converted.swift in Sources */,
				350D83F728F100DA004E84F2 /* CoinTableViewCell.swift in Sources */,
				350D840828F156DC004E84F2 /* CurrencySelectionViewController.swift in Sources */,
				350D83A928F0E4F1004E84F2 /* AppDelegate.swift in Sources */,
				350D83FF28F135BE004E84F2 /* Constants.swift in Sources */,
				350D83FA28F10D4F004E84F2 /* UIFont.swift in Sources */,
				352B9F0428F3051C00F0A07E /* ComissionService.swift in Sources */,
				350D840128F13689004E84F2 /* ExchangeViewController.swift in Sources */,
				350D83E028F0E662004E84F2 /* WalletService.swift in Sources */,
				350D83DD28F0E643004E84F2 /* WalletViewModel.swift in Sources */,
				350D840E28F15A33004E84F2 /* DecodingServiceProtocol.swift in Sources */,
				350D841828F1BDC5004E84F2 /* Errors.swift in Sources */,
				350D83AB28F0E4F1004E84F2 /* SceneDelegate.swift in Sources */,
				352B9F0228F304D400F0A07E /* Comission.swift in Sources */,
				350D83DA28F0E61A004E84F2 /* WalletViewController.swift in Sources */,
				350D840428F15204004E84F2 /* UIFactory.swift in Sources */,
			);
			runOnlyForDeploymentPostprocessing = 0;
		};
		350D83B728F0E4F4004E84F2 /* Sources */ = {
			isa = PBXSourcesBuildPhase;
			buildActionMask = 2147483647;
			files = (
				350D83C028F0E4F4004E84F2 /* CurrencyConverterTests.swift in Sources */,
			);
			runOnlyForDeploymentPostprocessing = 0;
		};
		350D83C128F0E4F4004E84F2 /* Sources */ = {
			isa = PBXSourcesBuildPhase;
			buildActionMask = 2147483647;
			files = (
				350D83CC28F0E4F4004E84F2 /* CurrencyConverterUITestsLaunchTests.swift in Sources */,
				350D83CA28F0E4F4004E84F2 /* CurrencyConverterUITests.swift in Sources */,
			);
			runOnlyForDeploymentPostprocessing = 0;
		};
/* End PBXSourcesBuildPhase section */

/* Begin PBXTargetDependency section */
		350D83BD28F0E4F4004E84F2 /* PBXTargetDependency */ = {
			isa = PBXTargetDependency;
			target = 350D83A428F0E4F1004E84F2 /* CurrencyConverter */;
			targetProxy = 350D83BC28F0E4F4004E84F2 /* PBXContainerItemProxy */;
		};
		350D83C728F0E4F4004E84F2 /* PBXTargetDependency */ = {
			isa = PBXTargetDependency;
			target = 350D83A428F0E4F1004E84F2 /* CurrencyConverter */;
			targetProxy = 350D83C628F0E4F4004E84F2 /* PBXContainerItemProxy */;
		};
/* End PBXTargetDependency section */

/* Begin PBXVariantGroup section */
		350D83B328F0E4F3004E84F2 /* LaunchScreen.storyboard */ = {
			isa = PBXVariantGroup;
			children = (
				350D83B428F0E4F3004E84F2 /* Base */,
			);
			name = LaunchScreen.storyboard;
			sourceTree = "<group>";
		};
/* End PBXVariantGroup section */

/* Begin XCBuildConfiguration section */
		350D83CD28F0E4F4004E84F2 /* Debug */ = {
			isa = XCBuildConfiguration;
			buildSettings = {
				ALWAYS_SEARCH_USER_PATHS = NO;
				CLANG_ANALYZER_NONNULL = YES;
				CLANG_ANALYZER_NUMBER_OBJECT_CONVERSION = YES_AGGRESSIVE;
				CLANG_CXX_LANGUAGE_STANDARD = "gnu++20";
				CLANG_ENABLE_MODULES = YES;
				CLANG_ENABLE_OBJC_ARC = YES;
				CLANG_ENABLE_OBJC_WEAK = YES;
				CLANG_WARN_BLOCK_CAPTURE_AUTORELEASING = YES;
				CLANG_WARN_BOOL_CONVERSION = YES;
				CLANG_WARN_COMMA = YES;
				CLANG_WARN_CONSTANT_CONVERSION = YES;
				CLANG_WARN_DEPRECATED_OBJC_IMPLEMENTATIONS = YES;
				CLANG_WARN_DIRECT_OBJC_ISA_USAGE = YES_ERROR;
				CLANG_WARN_DOCUMENTATION_COMMENTS = YES;
				CLANG_WARN_EMPTY_BODY = YES;
				CLANG_WARN_ENUM_CONVERSION = YES;
				CLANG_WARN_INFINITE_RECURSION = YES;
				CLANG_WARN_INT_CONVERSION = YES;
				CLANG_WARN_NON_LITERAL_NULL_CONVERSION = YES;
				CLANG_WARN_OBJC_IMPLICIT_RETAIN_SELF = YES;
				CLANG_WARN_OBJC_LITERAL_CONVERSION = YES;
				CLANG_WARN_OBJC_ROOT_CLASS = YES_ERROR;
				CLANG_WARN_QUOTED_INCLUDE_IN_FRAMEWORK_HEADER = YES;
				CLANG_WARN_RANGE_LOOP_ANALYSIS = YES;
				CLANG_WARN_STRICT_PROTOTYPES = YES;
				CLANG_WARN_SUSPICIOUS_MOVE = YES;
				CLANG_WARN_UNGUARDED_AVAILABILITY = YES_AGGRESSIVE;
				CLANG_WARN_UNREACHABLE_CODE = YES;
				CLANG_WARN__DUPLICATE_METHOD_MATCH = YES;
				COPY_PHASE_STRIP = NO;
				DEBUG_INFORMATION_FORMAT = dwarf;
				ENABLE_STRICT_OBJC_MSGSEND = YES;
				ENABLE_TESTABILITY = YES;
				GCC_C_LANGUAGE_STANDARD = gnu11;
				GCC_DYNAMIC_NO_PIC = NO;
				GCC_NO_COMMON_BLOCKS = YES;
				GCC_OPTIMIZATION_LEVEL = 0;
				GCC_PREPROCESSOR_DEFINITIONS = (
					"DEBUG=1",
					"$(inherited)",
				);
				GCC_WARN_64_TO_32_BIT_CONVERSION = YES;
				GCC_WARN_ABOUT_RETURN_TYPE = YES_ERROR;
				GCC_WARN_UNDECLARED_SELECTOR = YES;
				GCC_WARN_UNINITIALIZED_AUTOS = YES_AGGRESSIVE;
				GCC_WARN_UNUSED_FUNCTION = YES;
				GCC_WARN_UNUSED_VARIABLE = YES;
				IPHONEOS_DEPLOYMENT_TARGET = 16.0;
				MTL_ENABLE_DEBUG_INFO = INCLUDE_SOURCE;
				MTL_FAST_MATH = YES;
				ONLY_ACTIVE_ARCH = YES;
				SDKROOT = iphoneos;
				SWIFT_ACTIVE_COMPILATION_CONDITIONS = DEBUG;
				SWIFT_OPTIMIZATION_LEVEL = "-Onone";
			};
			name = Debug;
		};
		350D83CE28F0E4F4004E84F2 /* Release */ = {
			isa = XCBuildConfiguration;
			buildSettings = {
				ALWAYS_SEARCH_USER_PATHS = NO;
				CLANG_ANALYZER_NONNULL = YES;
				CLANG_ANALYZER_NUMBER_OBJECT_CONVERSION = YES_AGGRESSIVE;
				CLANG_CXX_LANGUAGE_STANDARD = "gnu++20";
				CLANG_ENABLE_MODULES = YES;
				CLANG_ENABLE_OBJC_ARC = YES;
				CLANG_ENABLE_OBJC_WEAK = YES;
				CLANG_WARN_BLOCK_CAPTURE_AUTORELEASING = YES;
				CLANG_WARN_BOOL_CONVERSION = YES;
				CLANG_WARN_COMMA = YES;
				CLANG_WARN_CONSTANT_CONVERSION = YES;
				CLANG_WARN_DEPRECATED_OBJC_IMPLEMENTATIONS = YES;
				CLANG_WARN_DIRECT_OBJC_ISA_USAGE = YES_ERROR;
				CLANG_WARN_DOCUMENTATION_COMMENTS = YES;
				CLANG_WARN_EMPTY_BODY = YES;
				CLANG_WARN_ENUM_CONVERSION = YES;
				CLANG_WARN_INFINITE_RECURSION = YES;
				CLANG_WARN_INT_CONVERSION = YES;
				CLANG_WARN_NON_LITERAL_NULL_CONVERSION = YES;
				CLANG_WARN_OBJC_IMPLICIT_RETAIN_SELF = YES;
				CLANG_WARN_OBJC_LITERAL_CONVERSION = YES;
				CLANG_WARN_OBJC_ROOT_CLASS = YES_ERROR;
				CLANG_WARN_QUOTED_INCLUDE_IN_FRAMEWORK_HEADER = YES;
				CLANG_WARN_RANGE_LOOP_ANALYSIS = YES;
				CLANG_WARN_STRICT_PROTOTYPES = YES;
				CLANG_WARN_SUSPICIOUS_MOVE = YES;
				CLANG_WARN_UNGUARDED_AVAILABILITY = YES_AGGRESSIVE;
				CLANG_WARN_UNREACHABLE_CODE = YES;
				CLANG_WARN__DUPLICATE_METHOD_MATCH = YES;
				COPY_PHASE_STRIP = NO;
				DEBUG_INFORMATION_FORMAT = "dwarf-with-dsym";
				ENABLE_NS_ASSERTIONS = NO;
				ENABLE_STRICT_OBJC_MSGSEND = YES;
				GCC_C_LANGUAGE_STANDARD = gnu11;
				GCC_NO_COMMON_BLOCKS = YES;
				GCC_WARN_64_TO_32_BIT_CONVERSION = YES;
				GCC_WARN_ABOUT_RETURN_TYPE = YES_ERROR;
				GCC_WARN_UNDECLARED_SELECTOR = YES;
				GCC_WARN_UNINITIALIZED_AUTOS = YES_AGGRESSIVE;
				GCC_WARN_UNUSED_FUNCTION = YES;
				GCC_WARN_UNUSED_VARIABLE = YES;
				IPHONEOS_DEPLOYMENT_TARGET = 16.0;
				MTL_ENABLE_DEBUG_INFO = NO;
				MTL_FAST_MATH = YES;
				SDKROOT = iphoneos;
				SWIFT_COMPILATION_MODE = wholemodule;
				SWIFT_OPTIMIZATION_LEVEL = "-O";
				VALIDATE_PRODUCT = YES;
			};
			name = Release;
		};
		350D83D028F0E4F4004E84F2 /* Debug */ = {
			isa = XCBuildConfiguration;
			buildSettings = {
				ASSETCATALOG_COMPILER_APPICON_NAME = AppIcon;
				ASSETCATALOG_COMPILER_GLOBAL_ACCENT_COLOR_NAME = AccentColor;
				CODE_SIGN_STYLE = Automatic;
				CURRENT_PROJECT_VERSION = 1;
				DEVELOPMENT_TEAM = HR5KG23KYM;
				GENERATE_INFOPLIST_FILE = YES;
				INFOPLIST_FILE = CurrencyConverter/Info.plist;
				INFOPLIST_KEY_UIApplicationSupportsIndirectInputEvents = YES;
				INFOPLIST_KEY_UILaunchStoryboardName = LaunchScreen;
				INFOPLIST_KEY_UISupportedInterfaceOrientations_iPad = "UIInterfaceOrientationPortrait UIInterfaceOrientationPortraitUpsideDown UIInterfaceOrientationLandscapeLeft UIInterfaceOrientationLandscapeRight";
				INFOPLIST_KEY_UISupportedInterfaceOrientations_iPhone = "UIInterfaceOrientationPortrait UIInterfaceOrientationLandscapeLeft UIInterfaceOrientationLandscapeRight";
				LD_RUNPATH_SEARCH_PATHS = (
					"$(inherited)",
					"@executable_path/Frameworks",
				);
				MARKETING_VERSION = 1.0;
				PRODUCT_BUNDLE_IDENTIFIER = com.testconverter.CurrencyConverter;
				PRODUCT_NAME = "$(TARGET_NAME)";
				SWIFT_EMIT_LOC_STRINGS = YES;
				SWIFT_VERSION = 5.0;
				TARGETED_DEVICE_FAMILY = "1,2";
			};
			name = Debug;
		};
		350D83D128F0E4F4004E84F2 /* Release */ = {
			isa = XCBuildConfiguration;
			buildSettings = {
				ASSETCATALOG_COMPILER_APPICON_NAME = AppIcon;
				ASSETCATALOG_COMPILER_GLOBAL_ACCENT_COLOR_NAME = AccentColor;
				CODE_SIGN_STYLE = Automatic;
				CURRENT_PROJECT_VERSION = 1;
				DEVELOPMENT_TEAM = HR5KG23KYM;
				GENERATE_INFOPLIST_FILE = YES;
				INFOPLIST_FILE = CurrencyConverter/Info.plist;
				INFOPLIST_KEY_UIApplicationSupportsIndirectInputEvents = YES;
				INFOPLIST_KEY_UILaunchStoryboardName = LaunchScreen;
				INFOPLIST_KEY_UISupportedInterfaceOrientations_iPad = "UIInterfaceOrientationPortrait UIInterfaceOrientationPortraitUpsideDown UIInterfaceOrientationLandscapeLeft UIInterfaceOrientationLandscapeRight";
				INFOPLIST_KEY_UISupportedInterfaceOrientations_iPhone = "UIInterfaceOrientationPortrait UIInterfaceOrientationLandscapeLeft UIInterfaceOrientationLandscapeRight";
				LD_RUNPATH_SEARCH_PATHS = (
					"$(inherited)",
					"@executable_path/Frameworks",
				);
				MARKETING_VERSION = 1.0;
				PRODUCT_BUNDLE_IDENTIFIER = com.testconverter.CurrencyConverter;
				PRODUCT_NAME = "$(TARGET_NAME)";
				SWIFT_EMIT_LOC_STRINGS = YES;
				SWIFT_VERSION = 5.0;
				TARGETED_DEVICE_FAMILY = "1,2";
			};
			name = Release;
		};
		350D83D328F0E4F4004E84F2 /* Debug */ = {
			isa = XCBuildConfiguration;
			buildSettings = {
				ALWAYS_EMBED_SWIFT_STANDARD_LIBRARIES = YES;
				BUNDLE_LOADER = "$(TEST_HOST)";
				CODE_SIGN_STYLE = Automatic;
				CURRENT_PROJECT_VERSION = 1;
				DEVELOPMENT_TEAM = HR5KG23KYM;
				GENERATE_INFOPLIST_FILE = YES;
				IPHONEOS_DEPLOYMENT_TARGET = 16.0;
				MARKETING_VERSION = 1.0;
				PRODUCT_BUNDLE_IDENTIFIER = com.testconverter.CurrencyConverterTests;
				PRODUCT_NAME = "$(TARGET_NAME)";
				SWIFT_EMIT_LOC_STRINGS = NO;
				SWIFT_VERSION = 5.0;
				TARGETED_DEVICE_FAMILY = "1,2";
				TEST_HOST = "$(BUILT_PRODUCTS_DIR)/CurrencyConverter.app/$(BUNDLE_EXECUTABLE_FOLDER_PATH)/CurrencyConverter";
			};
			name = Debug;
		};
		350D83D428F0E4F4004E84F2 /* Release */ = {
			isa = XCBuildConfiguration;
			buildSettings = {
				ALWAYS_EMBED_SWIFT_STANDARD_LIBRARIES = YES;
				BUNDLE_LOADER = "$(TEST_HOST)";
				CODE_SIGN_STYLE = Automatic;
				CURRENT_PROJECT_VERSION = 1;
				DEVELOPMENT_TEAM = HR5KG23KYM;
				GENERATE_INFOPLIST_FILE = YES;
				IPHONEOS_DEPLOYMENT_TARGET = 16.0;
				MARKETING_VERSION = 1.0;
				PRODUCT_BUNDLE_IDENTIFIER = com.testconverter.CurrencyConverterTests;
				PRODUCT_NAME = "$(TARGET_NAME)";
				SWIFT_EMIT_LOC_STRINGS = NO;
				SWIFT_VERSION = 5.0;
				TARGETED_DEVICE_FAMILY = "1,2";
				TEST_HOST = "$(BUILT_PRODUCTS_DIR)/CurrencyConverter.app/$(BUNDLE_EXECUTABLE_FOLDER_PATH)/CurrencyConverter";
			};
			name = Release;
		};
		350D83D628F0E4F4004E84F2 /* Debug */ = {
			isa = XCBuildConfiguration;
			buildSettings = {
				ALWAYS_EMBED_SWIFT_STANDARD_LIBRARIES = YES;
				CODE_SIGN_STYLE = Automatic;
				CURRENT_PROJECT_VERSION = 1;
				DEVELOPMENT_TEAM = HR5KG23KYM;
				GENERATE_INFOPLIST_FILE = YES;
				MARKETING_VERSION = 1.0;
				PRODUCT_BUNDLE_IDENTIFIER = com.testconverter.CurrencyConverterUITests;
				PRODUCT_NAME = "$(TARGET_NAME)";
				SWIFT_EMIT_LOC_STRINGS = NO;
				SWIFT_VERSION = 5.0;
				TARGETED_DEVICE_FAMILY = "1,2";
				TEST_TARGET_NAME = CurrencyConverter;
			};
			name = Debug;
		};
		350D83D728F0E4F4004E84F2 /* Release */ = {
			isa = XCBuildConfiguration;
			buildSettings = {
				ALWAYS_EMBED_SWIFT_STANDARD_LIBRARIES = YES;
				CODE_SIGN_STYLE = Automatic;
				CURRENT_PROJECT_VERSION = 1;
				DEVELOPMENT_TEAM = HR5KG23KYM;
				GENERATE_INFOPLIST_FILE = YES;
				MARKETING_VERSION = 1.0;
				PRODUCT_BUNDLE_IDENTIFIER = com.testconverter.CurrencyConverterUITests;
				PRODUCT_NAME = "$(TARGET_NAME)";
				SWIFT_EMIT_LOC_STRINGS = NO;
				SWIFT_VERSION = 5.0;
				TARGETED_DEVICE_FAMILY = "1,2";
				TEST_TARGET_NAME = CurrencyConverter;
			};
			name = Release;
		};
/* End XCBuildConfiguration section */

/* Begin XCConfigurationList section */
		350D83A028F0E4F1004E84F2 /* Build configuration list for PBXProject "CurrencyConverter" */ = {
			isa = XCConfigurationList;
			buildConfigurations = (
				350D83CD28F0E4F4004E84F2 /* Debug */,
				350D83CE28F0E4F4004E84F2 /* Release */,
			);
			defaultConfigurationIsVisible = 0;
			defaultConfigurationName = Release;
		};
		350D83CF28F0E4F4004E84F2 /* Build configuration list for PBXNativeTarget "CurrencyConverter" */ = {
			isa = XCConfigurationList;
			buildConfigurations = (
				350D83D028F0E4F4004E84F2 /* Debug */,
				350D83D128F0E4F4004E84F2 /* Release */,
			);
			defaultConfigurationIsVisible = 0;
			defaultConfigurationName = Release;
		};
		350D83D228F0E4F4004E84F2 /* Build configuration list for PBXNativeTarget "CurrencyConverterTests" */ = {
			isa = XCConfigurationList;
			buildConfigurations = (
				350D83D328F0E4F4004E84F2 /* Debug */,
				350D83D428F0E4F4004E84F2 /* Release */,
			);
			defaultConfigurationIsVisible = 0;
			defaultConfigurationName = Release;
		};
		350D83D528F0E4F4004E84F2 /* Build configuration list for PBXNativeTarget "CurrencyConverterUITests" */ = {
			isa = XCConfigurationList;
			buildConfigurations = (
				350D83D628F0E4F4004E84F2 /* Debug */,
				350D83D728F0E4F4004E84F2 /* Release */,
			);
			defaultConfigurationIsVisible = 0;
			defaultConfigurationName = Release;
		};
/* End XCConfigurationList section */

/* Begin XCRemoteSwiftPackageReference section */
		350D83E828F0EFC9004E84F2 /* XCRemoteSwiftPackageReference "SnapKit" */ = {
			isa = XCRemoteSwiftPackageReference;
			repositoryURL = "https://github.com/SnapKit/SnapKit";
			requirement = {
				kind = upToNextMajorVersion;
				minimumVersion = 5.0.0;
			};
		};
/* End XCRemoteSwiftPackageReference section */

/* Begin XCSwiftPackageProductDependency section */
		350D83E928F0EFC9004E84F2 /* SnapKit */ = {
			isa = XCSwiftPackageProductDependency;
			package = 350D83E828F0EFC9004E84F2 /* XCRemoteSwiftPackageReference "SnapKit" */;
			productName = SnapKit;
		};
/* End XCSwiftPackageProductDependency section */
	};
	rootObject = 350D839D28F0E4F1004E84F2 /* Project object */;
}
